// !$*UTF8*$!
{
	archiveVersion = 1;
	classes = {
	};
	objectVersion = 46;
	objects = {

/* Begin PBXBuildFile section */
		7670948719F518A8007D190A /* main.m in Sources */ = {isa = PBXBuildFile; fileRef = 7670948619F518A8007D190A /* main.m */; };
		7670948A19F518A8007D190A /* AppDelegate.m in Sources */ = {isa = PBXBuildFile; fileRef = 7670948919F518A8007D190A /* AppDelegate.m */; };
		7670949219F518A8007D190A /* Images.xcassets in Resources */ = {isa = PBXBuildFile; fileRef = 7670949119F518A8007D190A /* Images.xcassets */; };
		767094A119F518A8007D190A /* UnitTestCaseUsingXCTTests.m in Sources */ = {isa = PBXBuildFile; fileRef = 767094A019F518A8007D190A /* UnitTestCaseUsingXCTTests.m */; };
		767094B219F51B9F007D190A /* FirstViewController.m in Sources */ = {isa = PBXBuildFile; fileRef = 767094B019F51B9F007D190A /* FirstViewController.m */; };
		767094B319F51B9F007D190A /* FirstViewController.xib in Resources */ = {isa = PBXBuildFile; fileRef = 767094B119F51B9F007D190A /* FirstViewController.xib */; };
		767094B719F51E2D007D190A /* LandingViewTableCellTableViewCell.m in Sources */ = {isa = PBXBuildFile; fileRef = 767094B519F51E2D007D190A /* LandingViewTableCellTableViewCell.m */; };
		767094B819F51E2D007D190A /* LandingViewTableCellTableViewCell.xib in Resources */ = {isa = PBXBuildFile; fileRef = 767094B619F51E2D007D190A /* LandingViewTableCellTableViewCell.xib */; };
/* End PBXBuildFile section */

/* Begin PBXContainerItemProxy section */
		7670949B19F518A8007D190A /* PBXContainerItemProxy */ = {
			isa = PBXContainerItemProxy;
			containerPortal = 7670947919F518A8007D190A /* Project object */;
			proxyType = 1;
			remoteGlobalIDString = 7670948019F518A8007D190A;
			remoteInfo = UnitTestCaseUsingXCT;
		};
/* End PBXContainerItemProxy section */

/* Begin PBXFileReference section */
		7670948119F518A8007D190A /* UnitTestCaseUsingXCT.app */ = {isa = PBXFileReference; explicitFileType = wrapper.application; includeInIndex = 0; path = UnitTestCaseUsingXCT.app; sourceTree = BUILT_PRODUCTS_DIR; };
		7670948519F518A8007D190A /* Info.plist */ = {isa = PBXFileReference; lastKnownFileType = text.plist.xml; path = Info.plist; sourceTree = "<group>"; };
		7670948619F518A8007D190A /* main.m */ = {isa = PBXFileReference; lastKnownFileType = sourcecode.c.objc; path = main.m; sourceTree = "<group>"; };
		7670948819F518A8007D190A /* AppDelegate.h */ = {isa = PBXFileReference; lastKnownFileType = sourcecode.c.h; path = AppDelegate.h; sourceTree = "<group>"; };
		7670948919F518A8007D190A /* AppDelegate.m */ = {isa = PBXFileReference; lastKnownFileType = sourcecode.c.objc; path = AppDelegate.m; sourceTree = "<group>"; };
		7670949119F518A8007D190A /* Images.xcassets */ = {isa = PBXFileReference; lastKnownFileType = folder.assetcatalog; path = Images.xcassets; sourceTree = "<group>"; };
		7670949A19F518A8007D190A /* UnitTestCaseUsingXCTTests.xctest */ = {isa = PBXFileReference; explicitFileType = wrapper.cfbundle; includeInIndex = 0; path = UnitTestCaseUsingXCTTests.xctest; sourceTree = BUILT_PRODUCTS_DIR; };
		7670949F19F518A8007D190A /* Info.plist */ = {isa = PBXFileReference; lastKnownFileType = text.plist.xml; path = Info.plist; sourceTree = "<group>"; };
		767094A019F518A8007D190A /* UnitTestCaseUsingXCTTests.m */ = {isa = PBXFileReference; lastKnownFileType = sourcecode.c.objc; path = UnitTestCaseUsingXCTTests.m; sourceTree = "<group>"; };
		767094AF19F51B9F007D190A /* FirstViewController.h */ = {isa = PBXFileReference; fileEncoding = 4; lastKnownFileType = sourcecode.c.h; path = FirstViewController.h; sourceTree = "<group>"; };
		767094B019F51B9F007D190A /* FirstViewController.m */ = {isa = PBXFileReference; fileEncoding = 4; lastKnownFileType = sourcecode.c.objc; path = FirstViewController.m; sourceTree = "<group>"; };
		767094B119F51B9F007D190A /* FirstViewController.xib */ = {isa = PBXFileReference; fileEncoding = 4; lastKnownFileType = file.xib; path = FirstViewController.xib; sourceTree = "<group>"; };
		767094B419F51E2D007D190A /* LandingViewTableCellTableViewCell.h */ = {isa = PBXFileReference; fileEncoding = 4; lastKnownFileType = sourcecode.c.h; path = LandingViewTableCellTableViewCell.h; sourceTree = "<group>"; };
		767094B519F51E2D007D190A /* LandingViewTableCellTableViewCell.m */ = {isa = PBXFileReference; fileEncoding = 4; lastKnownFileType = sourcecode.c.objc; path = LandingViewTableCellTableViewCell.m; sourceTree = "<group>"; };
		767094B619F51E2D007D190A /* LandingViewTableCellTableViewCell.xib */ = {isa = PBXFileReference; fileEncoding = 4; lastKnownFileType = file.xib; path = LandingViewTableCellTableViewCell.xib; sourceTree = "<group>"; };
/* End PBXFileReference section */

/* Begin PBXFrameworksBuildPhase section */
		7670947E19F518A8007D190A /* Frameworks */ = {
			isa = PBXFrameworksBuildPhase;
			buildActionMask = 2147483647;
			files = (
			);
			runOnlyForDeploymentPostprocessing = 0;
		};
		7670949719F518A8007D190A /* Frameworks */ = {
			isa = PBXFrameworksBuildPhase;
			buildActionMask = 2147483647;
			files = (
			);
			runOnlyForDeploymentPostprocessing = 0;
		};
/* End PBXFrameworksBuildPhase section */

/* Begin PBXGroup section */
		7670947819F518A8007D190A = {
			isa = PBXGroup;
			children = (
				7670948319F518A8007D190A /* UnitTestCaseUsingXCT */,
				7670949D19F518A8007D190A /* UnitTestCaseUsingXCTTests */,
				7670948219F518A8007D190A /* Products */,
			);
			sourceTree = "<group>";
		};
		7670948219F518A8007D190A /* Products */ = {
			isa = PBXGroup;
			children = (
				7670948119F518A8007D190A /* UnitTestCaseUsingXCT.app */,
				7670949A19F518A8007D190A /* UnitTestCaseUsingXCTTests.xctest */,
			);
			name = Products;
			sourceTree = "<group>";
		};
		7670948319F518A8007D190A /* UnitTestCaseUsingXCT */ = {
			isa = PBXGroup;
			children = (
				767094B419F51E2D007D190A /* LandingViewTableCellTableViewCell.h */,
				767094B519F51E2D007D190A /* LandingViewTableCellTableViewCell.m */,
				767094B619F51E2D007D190A /* LandingViewTableCellTableViewCell.xib */,
				7670948819F518A8007D190A /* AppDelegate.h */,
				7670948919F518A8007D190A /* AppDelegate.m */,
				7670949119F518A8007D190A /* Images.xcassets */,
				7670948419F518A8007D190A /* Supporting Files */,
				767094AF19F51B9F007D190A /* FirstViewController.h */,
				767094B019F51B9F007D190A /* FirstViewController.m */,
				767094B119F51B9F007D190A /* FirstViewController.xib */,
			);
			path = UnitTestCaseUsingXCT;
			sourceTree = "<group>";
		};
		7670948419F518A8007D190A /* Supporting Files */ = {
			isa = PBXGroup;
			children = (
				7670948519F518A8007D190A /* Info.plist */,
				7670948619F518A8007D190A /* main.m */,
			);
			name = "Supporting Files";
			sourceTree = "<group>";
		};
		7670949D19F518A8007D190A /* UnitTestCaseUsingXCTTests */ = {
			isa = PBXGroup;
			children = (
				767094A019F518A8007D190A /* UnitTestCaseUsingXCTTests.m */,
				7670949E19F518A8007D190A /* Supporting Files */,
			);
			path = UnitTestCaseUsingXCTTests;
			sourceTree = "<group>";
		};
		7670949E19F518A8007D190A /* Supporting Files */ = {
			isa = PBXGroup;
			children = (
				7670949F19F518A8007D190A /* Info.plist */,
			);
			name = "Supporting Files";
			sourceTree = "<group>";
		};
/* End PBXGroup section */

/* Begin PBXNativeTarget section */
		7670948019F518A8007D190A /* UnitTestCaseUsingXCT */ = {
			isa = PBXNativeTarget;
			buildConfigurationList = 767094A419F518A8007D190A /* Build configuration list for PBXNativeTarget "UnitTestCaseUsingXCT" */;
			buildPhases = (
				7670947D19F518A8007D190A /* Sources */,
				7670947E19F518A8007D190A /* Frameworks */,
				7670947F19F518A8007D190A /* Resources */,
			);
			buildRules = (
			);
			dependencies = (
			);
			name = UnitTestCaseUsingXCT;
			productName = UnitTestCaseUsingXCT;
			productReference = 7670948119F518A8007D190A /* UnitTestCaseUsingXCT.app */;
			productType = "com.apple.product-type.application";
		};
		7670949919F518A8007D190A /* UnitTestCaseUsingXCTTests */ = {
			isa = PBXNativeTarget;
			buildConfigurationList = 767094A719F518A8007D190A /* Build configuration list for PBXNativeTarget "UnitTestCaseUsingXCTTests" */;
			buildPhases = (
				7670949619F518A8007D190A /* Sources */,
				7670949719F518A8007D190A /* Frameworks */,
				7670949819F518A8007D190A /* Resources */,
			);
			buildRules = (
			);
			dependencies = (
				7670949C19F518A8007D190A /* PBXTargetDependency */,
			);
			name = UnitTestCaseUsingXCTTests;
			productName = UnitTestCaseUsingXCTTests;
			productReference = 7670949A19F518A8007D190A /* UnitTestCaseUsingXCTTests.xctest */;
			productType = "com.apple.product-type.bundle.unit-test";
		};
/* End PBXNativeTarget section */

/* Begin PBXProject section */
		7670947919F518A8007D190A /* Project object */ = {
			isa = PBXProject;
			attributes = {
				LastUpgradeCheck = 0600;
				ORGANIZATIONNAME = "Satish Kumar17";
				TargetAttributes = {
					7670948019F518A8007D190A = {
						CreatedOnToolsVersion = 6.0;
					};
					7670949919F518A8007D190A = {
						CreatedOnToolsVersion = 6.0;
						TestTargetID = 7670948019F518A8007D190A;
					};
				};
			};
			buildConfigurationList = 7670947C19F518A8007D190A /* Build configuration list for PBXProject "UnitTestCaseUsingXCT" */;
			compatibilityVersion = "Xcode 3.2";
			developmentRegion = English;
			hasScannedForEncodings = 0;
			knownRegions = (
				en,
				Base,
			);
			mainGroup = 7670947819F518A8007D190A;
			productRefGroup = 7670948219F518A8007D190A /* Products */;
			projectDirPath = "";
			projectRoot = "";
			targets = (
				7670948019F518A8007D190A /* UnitTestCaseUsingXCT */,
				7670949919F518A8007D190A /* UnitTestCaseUsingXCTTests */,
			);
		};
/* End PBXProject section */

/* Begin PBXResourcesBuildPhase section */
		7670947F19F518A8007D190A /* Resources */ = {
			isa = PBXResourcesBuildPhase;
			buildActionMask = 2147483647;
			files = (
				767094B819F51E2D007D190A /* LandingViewTableCellTableViewCell.xib in Resources */,
				767094B319F51B9F007D190A /* FirstViewController.xib in Resources */,
				7670949219F518A8007D190A /* Images.xcassets in Resources */,
			);
			runOnlyForDeploymentPostprocessing = 0;
		};
		7670949819F518A8007D190A /* Resources */ = {
			isa = PBXResourcesBuildPhase;
			buildActionMask = 2147483647;
			files = (
			);
			runOnlyForDeploymentPostprocessing = 0;
		};
/* End PBXResourcesBuildPhase section */

/* Begin PBXSourcesBuildPhase section */
		7670947D19F518A8007D190A /* Sources */ = {
			isa = PBXSourcesBuildPhase;
			buildActionMask = 2147483647;
			files = (
				767094B719F51E2D007D190A /* LandingViewTableCellTableViewCell.m in Sources */,
				7670948A19F518A8007D190A /* AppDelegate.m in Sources */,
				7670948719F518A8007D190A /* main.m in Sources */,
				767094B219F51B9F007D190A /* FirstViewController.m in Sources */,
			);
			runOnlyForDeploymentPostprocessing = 0;
		};
		7670949619F518A8007D190A /* Sources */ = {
			isa = PBXSourcesBuildPhase;
			buildActionMask = 2147483647;
			files = (
				767094A119F518A8007D190A /* UnitTestCaseUsingXCTTests.m in Sources */,
			);
			runOnlyForDeploymentPostprocessing = 0;
		};
/* End PBXSourcesBuildPhase section */

/* Begin PBXTargetDependency section */
		7670949C19F518A8007D190A /* PBXTargetDependency */ = {
			isa = PBXTargetDependency;
			target = 7670948019F518A8007D190A /* UnitTestCaseUsingXCT */;
			targetProxy = 7670949B19F518A8007D190A /* PBXContainerItemProxy */;
		};
/* End PBXTargetDependency section */

/* Begin XCBuildConfiguration section */
		767094A219F518A8007D190A /* Debug */ = {
			isa = XCBuildConfiguration;
			buildSettings = {
				ALWAYS_SEARCH_USER_PATHS = NO;
				CLANG_CXX_LANGUAGE_STANDARD = "gnu++0x";
				CLANG_CXX_LIBRARY = "libc++";
				CLANG_ENABLE_MODULES = YES;
				CLANG_ENABLE_OBJC_ARC = YES;
				CLANG_WARN_BOOL_CONVERSION = YES;
				CLANG_WARN_CONSTANT_CONVERSION = YES;
				CLANG_WARN_DIRECT_OBJC_ISA_USAGE = YES_ERROR;
				CLANG_WARN_EMPTY_BODY = YES;
				CLANG_WARN_ENUM_CONVERSION = YES;
				CLANG_WARN_INT_CONVERSION = YES;
				CLANG_WARN_OBJC_ROOT_CLASS = YES_ERROR;
				CLANG_WARN_UNREACHABLE_CODE = YES;
				CLANG_WARN__DUPLICATE_METHOD_MATCH = YES;
				"CODE_SIGN_IDENTITY[sdk=iphoneos*]" = "iPhone Developer";
				COPY_PHASE_STRIP = NO;
				ENABLE_STRICT_OBJC_MSGSEND = YES;
				GCC_C_LANGUAGE_STANDARD = gnu99;
				GCC_DYNAMIC_NO_PIC = NO;
				GCC_OPTIMIZATION_LEVEL = 0;
				GCC_PREPROCESSOR_DEFINITIONS = (
					"DEBUG=1",
					"$(inherited)",
				);
				GCC_SYMBOLS_PRIVATE_EXTERN = NO;
				GCC_WARN_64_TO_32_BIT_CONVERSION = YES;
				GCC_WARN_ABOUT_RETURN_TYPE = YES_ERROR;
				GCC_WARN_UNDECLARED_SELECTOR = YES;
				GCC_WARN_UNINITIALIZED_AUTOS = YES_AGGRESSIVE;
				GCC_WARN_UNUSED_FUNCTION = YES;
				GCC_WARN_UNUSED_VARIABLE = YES;
				IPHONEOS_DEPLOYMENT_TARGET = 8.0;
				MTL_ENABLE_DEBUG_INFO = YES;
				ONLY_ACTIVE_ARCH = YES;
				SDKROOT = iphoneos;
			};
			name = Debug;
		};
		767094A319F518A8007D190A /* Release */ = {
			isa = XCBuildConfiguration;
			buildSettings = {
				ALWAYS_SEARCH_USER_PATHS = NO;
				CLANG_CXX_LANGUAGE_STANDARD = "gnu++0x";
				CLANG_CXX_LIBRARY = "libc++";
				CLANG_ENABLE_MODULES = YES;
				CLANG_ENABLE_OBJC_ARC = YES;
				CLANG_WARN_BOOL_CONVERSION = YES;
				CLANG_WARN_CONSTANT_CONVERSION = YES;
				CLANG_WARN_DIRECT_OBJC_ISA_USAGE = YES_ERROR;
				CLANG_WARN_EMPTY_BODY = YES;
				CLANG_WARN_ENUM_CONVERSION = YES;
				CLANG_WARN_INT_CONVERSION = YES;
				CLANG_WARN_OBJC_ROOT_CLASS = YES_ERROR;
				CLANG_WARN_UNREACHABLE_CODE = YES;
				CLANG_WARN__DUPLICATE_METHOD_MATCH = YES;
				"CODE_SIGN_IDENTITY[sdk=iphoneos*]" = "iPhone Developer";
				COPY_PHASE_STRIP = YES;
				ENABLE_NS_ASSERTIONS = NO;
				ENABLE_STRICT_OBJC_MSGSEND = YES;
				GCC_C_LANGUAGE_STANDARD = gnu99;
				GCC_WARN_64_TO_32_BIT_CONVERSION = YES;
				GCC_WARN_ABOUT_RETURN_TYPE = YES_ERROR;
				GCC_WARN_UNDECLARED_SELECTOR = YES;
				GCC_WARN_UNINITIALIZED_AUTOS = YES_AGGRESSIVE;
				GCC_WARN_UNUSED_FUNCTION = YES;
				GCC_WARN_UNUSED_VARIABLE = YES;
				IPHONEOS_DEPLOYMENT_TARGET = 8.0;
				MTL_ENABLE_DEBUG_INFO = NO;
				SDKROOT = iphoneos;
				VALIDATE_PRODUCT = YES;
			};
			name = Release;
		};
		767094A519F518A8007D190A /* Debug */ = {
			isa = XCBuildConfiguration;
			buildSettings = {
				ASSETCATALOG_COMPILER_APPICON_NAME = AppIcon;
				INFOPLIST_FILE = UnitTestCaseUsingXCT/Info.plist;
				LD_RUNPATH_SEARCH_PATHS = "$(inherited) @executable_path/Frameworks";
				PRODUCT_NAME = "$(TARGET_NAME)";
			};
			name = Debug;
		};
		767094A619F518A8007D190A /* Release */ = {
			isa = XCBuildConfiguration;
			buildSettings = {
				ASSETCATALOG_COMPILER_APPICON_NAME = AppIcon;
				INFOPLIST_FILE = UnitTestCaseUsingXCT/Info.plist;
				LD_RUNPATH_SEARCH_PATHS = "$(inherited) @executable_path/Frameworks";
				PRODUCT_NAME = "$(TARGET_NAME)";
			};
			name = Release;
		};
		767094A819F518A8007D190A /* Debug */ = {
			isa = XCBuildConfiguration;
			buildSettings = {
				BUNDLE_LOADER = "$(TEST_HOST)";
				FRAMEWORK_SEARCH_PATHS = (
					"$(SDKROOT)/Developer/Library/Frameworks",
					"$(inherited)",
				);
				GCC_PREPROCESSOR_DEFINITIONS = (
					"DEBUG=1",
					"$(inherited)",
				);
				INFOPLIST_FILE = UnitTestCaseUsingXCTTests/Info.plist;
				LD_RUNPATH_SEARCH_PATHS = "$(inherited) @executable_path/Frameworks @loader_path/Frameworks";
				PRODUCT_NAME = "$(TARGET_NAME)";
				TEST_HOST = "$(BUILT_PRODUCTS_DIR)/UnitTestCaseUsingXCT.app/UnitTestCaseUsingXCT";
			};
			name = Debug;
		};
		767094A919F518A8007D190A /* Release */ = {
			isa = XCBuildConfiguration;
			buildSettings = {
				BUNDLE_LOADER = "$(TEST_HOST)";
				FRAMEWORK_SEARCH_PATHS = (
					"$(SDKROOT)/Developer/Library/Frameworks",
					"$(inherited)",
				);
				INFOPLIST_FILE = UnitTestCaseUsingXCTTests/Info.plist;
				LD_RUNPATH_SEARCH_PATHS = "$(inherited) @executable_path/Frameworks @loader_path/Frameworks";
				PRODUCT_NAME = "$(TARGET_NAME)";
				TEST_HOST = "$(BUILT_PRODUCTS_DIR)/UnitTestCaseUsingXCT.app/UnitTestCaseUsingXCT";
			};
			name = Release;
		};
/* End XCBuildConfiguration section */

/* Begin XCConfigurationList section */
		7670947C19F518A8007D190A /* Build configuration list for PBXProject "UnitTestCaseUsingXCT" */ = {
			isa = XCConfigurationList;
			buildConfigurations = (
				767094A219F518A8007D190A /* Debug */,
				767094A319F518A8007D190A /* Release */,
			);
			defaultConfigurationIsVisible = 0;
			defaultConfigurationName = Release;
		};
		767094A419F518A8007D190A /* Build configuration list for PBXNativeTarget "UnitTestCaseUsingXCT" */ = {
			isa = XCConfigurationList;
			buildConfigurations = (
				767094A519F518A8007D190A /* Debug */,
				767094A619F518A8007D190A /* Release */,
			);
			defaultConfigurationIsVisible = 0;
			defaultConfigurationName = Release;
		};
		767094A719F518A8007D190A /* Build configuration list for PBXNativeTarget "UnitTestCaseUsingXCTTests" */ = {
			isa = XCConfigurationList;
			buildConfigurations = (
				767094A819F518A8007D190A /* Debug */,
				767094A919F518A8007D190A /* Release */,
			);
			defaultConfigurationIsVisible = 0;
			defaultConfigurationName = Release;
		};
/* End XCConfigurationList section */
	};
	rootObject = 7670947919F518A8007D190A /* Project object */;
}
